
Microsoft Visual Studio Solution File, Format Version 12.00
# Visual Studio Version 16
VisualStudioVersion = 16.0.30907.101
MinimumVisualStudioVersion = 10.0.40219.1
Project("{FAE04EC0-301F-11D3-BF4B-00C04F79EFBC}") = "CARRO", "CARRO.csproj", "{E676E13E-8985-48F8-A5B3-81A228A9DE1B}"
EndProject
Global
	GlobalSection(SolutionConfigurationPlatforms) = preSolution
		Debug|Any CPU = Debug|Any CPU
		Release|Any CPU = Release|Any CPU
	EndGlobalSection
	GlobalSection(ProjectConfigurationPlatforms) = postSolution
		{E676E13E-8985-48F8-A5B3-81A228A9DE1B}.Debug|Any CPU.ActiveCfg = Debug|Any CPU
		{E676E13E-8985-48F8-A5B3-81A228A9DE1B}.Debug|Any CPU.Build.0 = Debug|Any CPU
		{E676E13E-8985-48F8-A5B3-81A228A9DE1B}.Release|Any CPU.ActiveCfg = Release|Any CPU
		{E676E13E-8985-48F8-A5B3-81A228A9DE1B}.Release|Any CPU.Build.0 = Release|Any CPU
	EndGlobalSection
	GlobalSection(SolutionProperties) = preSolution
		HideSolutionNode = FALSE
	EndGlobalSection
	GlobalSection(ExtensibilityGlobals) = postSolution
		SolutionGuid = {85779256-0BC8-470E-8FA4-C0FB76A842FF}
	EndGlobalSection
EndGlobal
